
Microsoft Visual Studio Solution File, Format Version 12.00
# Visual Studio Version 16
VisualStudioVersion = 16.0.31205.134
MinimumVisualStudioVersion = 10.0.40219.1
Project("{9A19103F-16F7-4668-BE54-9A1E7A4F7556}") = "Infrastructure", "Infrasturucture\Infrastructure.csproj", "{60DA3BAA-DC4A-4A1E-8F1A-D61059FCC876}"
EndProject
Project("{9A19103F-16F7-4668-BE54-9A1E7A4F7556}") = "ApplicationCore", "ApplicationCore\ApplicationCore.csproj", "{4865DE59-9201-4A4B-9833-0725D5E64901}"
EndProject
Project("{9A19103F-16F7-4668-BE54-9A1E7A4F7556}") = "MovieShop.MVC", "MovieShop.MVC\MovieShop.MVC.csproj", "{8D3C288C-4202-4631-B771-48C252A6058F}"
EndProject
Project("{9A19103F-16F7-4668-BE54-9A1E7A4F7556}") = "MovieShop.API", "MovieShop.API\MovieShop.API.csproj", "{5B294A3E-5391-4912-B13D-A2608387BCED}"
EndProject
Project("{2150E333-8FDC-42A3-9474-1A3956D46DE8}") = "Solution Items", "Solution Items", "{72A9A830-3B0A-4CE4-8590-9A496FA96A38}"
	ProjectSection(SolutionItems) = preProject
		.editorconfig = .editorconfig
	EndProjectSection
EndProject
Global
	GlobalSection(SolutionConfigurationPlatforms) = preSolution
		Debug|Any CPU = Debug|Any CPU
		Release|Any CPU = Release|Any CPU
	EndGlobalSection
	GlobalSection(ProjectConfigurationPlatforms) = postSolution
		{60DA3BAA-DC4A-4A1E-8F1A-D61059FCC876}.Debug|Any CPU.ActiveCfg = Debug|Any CPU
		{60DA3BAA-DC4A-4A1E-8F1A-D61059FCC876}.Debug|Any CPU.Build.0 = Debug|Any CPU
		{60DA3BAA-DC4A-4A1E-8F1A-D61059FCC876}.Release|Any CPU.ActiveCfg = Release|Any CPU
		{60DA3BAA-DC4A-4A1E-8F1A-D61059FCC876}.Release|Any CPU.Build.0 = Release|Any CPU
		{4865DE59-9201-4A4B-9833-0725D5E64901}.Debug|Any CPU.ActiveCfg = Debug|Any CPU
		{4865DE59-9201-4A4B-9833-0725D5E64901}.Debug|Any CPU.Build.0 = Debug|Any CPU
		{4865DE59-9201-4A4B-9833-0725D5E64901}.Release|Any CPU.ActiveCfg = Release|Any CPU
		{4865DE59-9201-4A4B-9833-0725D5E64901}.Release|Any CPU.Build.0 = Release|Any CPU
		{8D3C288C-4202-4631-B771-48C252A6058F}.Debug|Any CPU.ActiveCfg = Debug|Any CPU
		{8D3C288C-4202-4631-B771-48C252A6058F}.Debug|Any CPU.Build.0 = Debug|Any CPU
		{8D3C288C-4202-4631-B771-48C252A6058F}.Release|Any CPU.ActiveCfg = Release|Any CPU
		{8D3C288C-4202-4631-B771-48C252A6058F}.Release|Any CPU.Build.0 = Release|Any CPU
		{5B294A3E-5391-4912-B13D-A2608387BCED}.Debug|Any CPU.ActiveCfg = Debug|Any CPU
		{5B294A3E-5391-4912-B13D-A2608387BCED}.Debug|Any CPU.Build.0 = Debug|Any CPU
		{5B294A3E-5391-4912-B13D-A2608387BCED}.Release|Any CPU.ActiveCfg = Release|Any CPU
		{5B294A3E-5391-4912-B13D-A2608387BCED}.Release|Any CPU.Build.0 = Release|Any CPU
	EndGlobalSection
	GlobalSection(SolutionProperties) = preSolution
		HideSolutionNode = FALSE
	EndGlobalSection
	GlobalSection(ExtensibilityGlobals) = postSolution
		SolutionGuid = {7C8039AE-F47F-4796-A745-1B7C5A6A8FC6}
	EndGlobalSection
EndGlobal
